// !$*UTF8*$!
{
	archiveVersion = 1;
	classes = {
	};
	objectVersion = 50;
	objects = {

/* Begin PBXBuildFile section */
		AC17D9F42214C4C90062D6D8 /* movies.json in Resources */ = {isa = PBXBuildFile; fileRef = AC17D9F32214C4C90062D6D8 /* movies.json */; };
		AC17D9F62214DB180062D6D8 /* Movie.swift in Sources */ = {isa = PBXBuildFile; fileRef = AC17D9F52214DB180062D6D8 /* Movie.swift */; };
		AC17D9F82214E8A60062D6D8 /* MoviesTableViewController.swift in Sources */ = {isa = PBXBuildFile; fileRef = AC17D9F72214E8A60062D6D8 /* MoviesTableViewController.swift */; };
		AC17D9FA2214F65C0062D6D8 /* MovieTableViewCell.swift in Sources */ = {isa = PBXBuildFile; fileRef = AC17D9F92214F65C0062D6D8 /* MovieTableViewCell.swift */; };
		AC5E2D33221B84C200A4DA1B /* MoviesLib.xcdatamodeld in Sources */ = {isa = PBXBuildFile; fileRef = AC5E2D31221B84C200A4DA1B /* MoviesLib.xcdatamodeld */; };
		AC5E2D35221B8B6900A4DA1B /* UIViewController+CoreData.swift in Sources */ = {isa = PBXBuildFile; fileRef = AC5E2D34221B8B6900A4DA1B /* UIViewController+CoreData.swift */; };
		AC5E2D37221B8E9D00A4DA1B /* MovieRegisterViewController.swift in Sources */ = {isa = PBXBuildFile; fileRef = AC5E2D36221B8E9D00A4DA1B /* MovieRegisterViewController.swift */; };
		ACF2CA5522121FA900B8DA07 /* AppDelegate.swift in Sources */ = {isa = PBXBuildFile; fileRef = ACF2CA5422121FA900B8DA07 /* AppDelegate.swift */; };
		ACF2CA5722121FA900B8DA07 /* MovieViewController.swift in Sources */ = {isa = PBXBuildFile; fileRef = ACF2CA5622121FA900B8DA07 /* MovieViewController.swift */; };
		ACF2CA5A22121FA900B8DA07 /* Main.storyboard in Resources */ = {isa = PBXBuildFile; fileRef = ACF2CA5822121FA900B8DA07 /* Main.storyboard */; };
		ACF2CA5C22121FAA00B8DA07 /* Assets.xcassets in Resources */ = {isa = PBXBuildFile; fileRef = ACF2CA5B22121FAA00B8DA07 /* Assets.xcassets */; };
		ACF2CA5F22121FAA00B8DA07 /* LaunchScreen.storyboard in Resources */ = {isa = PBXBuildFile; fileRef = ACF2CA5D22121FAA00B8DA07 /* LaunchScreen.storyboard */; };
/* End PBXBuildFile section */

/* Begin PBXFileReference section */
		AC17D9F32214C4C90062D6D8 /* movies.json */ = {isa = PBXFileReference; fileEncoding = 4; lastKnownFileType = text.json; path = movies.json; sourceTree = "<group>"; };
		AC17D9F52214DB180062D6D8 /* Movie.swift */ = {isa = PBXFileReference; lastKnownFileType = sourcecode.swift; path = Movie.swift; sourceTree = "<group>"; };
		AC17D9F72214E8A60062D6D8 /* MoviesTableViewController.swift */ = {isa = PBXFileReference; lastKnownFileType = sourcecode.swift; path = MoviesTableViewController.swift; sourceTree = "<group>"; };
		AC17D9F92214F65C0062D6D8 /* MovieTableViewCell.swift */ = {isa = PBXFileReference; lastKnownFileType = sourcecode.swift; path = MovieTableViewCell.swift; sourceTree = "<group>"; };
		AC5E2D32221B84C200A4DA1B /* MoviesLib.xcdatamodel */ = {isa = PBXFileReference; lastKnownFileType = wrapper.xcdatamodel; path = MoviesLib.xcdatamodel; sourceTree = "<group>"; };
		AC5E2D34221B8B6900A4DA1B /* UIViewController+CoreData.swift */ = {isa = PBXFileReference; lastKnownFileType = sourcecode.swift; path = "UIViewController+CoreData.swift"; sourceTree = "<group>"; };
		AC5E2D36221B8E9D00A4DA1B /* MovieRegisterViewController.swift */ = {isa = PBXFileReference; lastKnownFileType = sourcecode.swift; path = MovieRegisterViewController.swift; sourceTree = "<group>"; };
		ACF2CA5122121FA900B8DA07 /* MoviesLib.app */ = {isa = PBXFileReference; explicitFileType = wrapper.application; includeInIndex = 0; path = MoviesLib.app; sourceTree = BUILT_PRODUCTS_DIR; };
		ACF2CA5422121FA900B8DA07 /* AppDelegate.swift */ = {isa = PBXFileReference; lastKnownFileType = sourcecode.swift; path = AppDelegate.swift; sourceTree = "<group>"; };
		ACF2CA5622121FA900B8DA07 /* MovieViewController.swift */ = {isa = PBXFileReference; lastKnownFileType = sourcecode.swift; path = MovieViewController.swift; sourceTree = "<group>"; };
		ACF2CA5922121FA900B8DA07 /* Base */ = {isa = PBXFileReference; lastKnownFileType = file.storyboard; name = Base; path = Base.lproj/Main.storyboard; sourceTree = "<group>"; };
		ACF2CA5B22121FAA00B8DA07 /* Assets.xcassets */ = {isa = PBXFileReference; lastKnownFileType = folder.assetcatalog; path = Assets.xcassets; sourceTree = "<group>"; };
		ACF2CA5E22121FAA00B8DA07 /* Base */ = {isa = PBXFileReference; lastKnownFileType = file.storyboard; name = Base; path = Base.lproj/LaunchScreen.storyboard; sourceTree = "<group>"; };
		ACF2CA6022121FAA00B8DA07 /* Info.plist */ = {isa = PBXFileReference; lastKnownFileType = text.plist.xml; path = Info.plist; sourceTree = "<group>"; };
/* End PBXFileReference section */

/* Begin PBXFrameworksBuildPhase section */
		ACF2CA4E22121FA900B8DA07 /* Frameworks */ = {
			isa = PBXFrameworksBuildPhase;
			buildActionMask = 2147483647;
			files = (
			);
			runOnlyForDeploymentPostprocessing = 0;
		};
/* End PBXFrameworksBuildPhase section */

/* Begin PBXGroup section */
		ACF2CA4822121FA900B8DA07 = {
			isa = PBXGroup;
			children = (
				ACF2CA5322121FA900B8DA07 /* MoviesLib */,
				ACF2CA5222121FA900B8DA07 /* Products */,
			);
			sourceTree = "<group>";
		};
		ACF2CA5222121FA900B8DA07 /* Products */ = {
			isa = PBXGroup;
			children = (
				ACF2CA5122121FA900B8DA07 /* MoviesLib.app */,
			);
			name = Products;
			sourceTree = "<group>";
		};
		ACF2CA5322121FA900B8DA07 /* MoviesLib */ = {
			isa = PBXGroup;
			children = (
				ACF2CA5422121FA900B8DA07 /* AppDelegate.swift */,
				ACF2CA5622121FA900B8DA07 /* MovieViewController.swift */,
				AC5E2D34221B8B6900A4DA1B /* UIViewController+CoreData.swift */,
				AC17D9F72214E8A60062D6D8 /* MoviesTableViewController.swift */,
				AC17D9F92214F65C0062D6D8 /* MovieTableViewCell.swift */,
				AC17D9F52214DB180062D6D8 /* Movie.swift */,
				ACF2CA5822121FA900B8DA07 /* Main.storyboard */,
				AC5E2D36221B8E9D00A4DA1B /* MovieRegisterViewController.swift */,
				AC5E2D31221B84C200A4DA1B /* MoviesLib.xcdatamodeld */,
				AC17D9F32214C4C90062D6D8 /* movies.json */,
				ACF2CA5B22121FAA00B8DA07 /* Assets.xcassets */,
				ACF2CA5D22121FAA00B8DA07 /* LaunchScreen.storyboard */,
				ACF2CA6022121FAA00B8DA07 /* Info.plist */,
			);
			path = MoviesLib;
			sourceTree = "<group>";
		};
/* End PBXGroup section */

/* Begin PBXNativeTarget section */
		ACF2CA5022121FA900B8DA07 /* MoviesLib */ = {
			isa = PBXNativeTarget;
			buildConfigurationList = ACF2CA6322121FAA00B8DA07 /* Build configuration list for PBXNativeTarget "MoviesLib" */;
			buildPhases = (
				ACF2CA4D22121FA900B8DA07 /* Sources */,
				ACF2CA4E22121FA900B8DA07 /* Frameworks */,
				ACF2CA4F22121FA900B8DA07 /* Resources */,
			);
			buildRules = (
			);
			dependencies = (
			);
			name = MoviesLib;
			productName = MoviesLib;
			productReference = ACF2CA5122121FA900B8DA07 /* MoviesLib.app */;
			productType = "com.apple.product-type.application";
		};
/* End PBXNativeTarget section */

/* Begin PBXProject section */
		ACF2CA4922121FA900B8DA07 /* Project object */ = {
			isa = PBXProject;
			attributes = {
				LastSwiftUpdateCheck = 1000;
				LastUpgradeCheck = 1000;
				ORGANIZATIONNAME = FIAP;
				TargetAttributes = {
					ACF2CA5022121FA900B8DA07 = {
						CreatedOnToolsVersion = 10.0;
					};
				};
			};
			buildConfigurationList = ACF2CA4C22121FA900B8DA07 /* Build configuration list for PBXProject "MoviesLib" */;
			compatibilityVersion = "Xcode 9.3";
			developmentRegion = en;
			hasScannedForEncodings = 0;
			knownRegions = (
				en,
				Base,
			);
			mainGroup = ACF2CA4822121FA900B8DA07;
			productRefGroup = ACF2CA5222121FA900B8DA07 /* Products */;
			projectDirPath = "";
			projectRoot = "";
			targets = (
				ACF2CA5022121FA900B8DA07 /* MoviesLib */,
			);
		};
/* End PBXProject section */

/* Begin PBXResourcesBuildPhase section */
		ACF2CA4F22121FA900B8DA07 /* Resources */ = {
			isa = PBXResourcesBuildPhase;
			buildActionMask = 2147483647;
			files = (
				ACF2CA5F22121FAA00B8DA07 /* LaunchScreen.storyboard in Resources */,
				ACF2CA5C22121FAA00B8DA07 /* Assets.xcassets in Resources */,
				AC17D9F42214C4C90062D6D8 /* movies.json in Resources */,
				ACF2CA5A22121FA900B8DA07 /* Main.storyboard in Resources */,
			);
			runOnlyForDeploymentPostprocessing = 0;
		};
/* End PBXResourcesBuildPhase section */

/* Begin PBXSourcesBuildPhase section */
		ACF2CA4D22121FA900B8DA07 /* Sources */ = {
			isa = PBXSourcesBuildPhase;
			buildActionMask = 2147483647;
			files = (
				AC5E2D37221B8E9D00A4DA1B /* MovieRegisterViewController.swift in Sources */,
				AC17D9FA2214F65C0062D6D8 /* MovieTableViewCell.swift in Sources */,
				AC17D9F82214E8A60062D6D8 /* MoviesTableViewController.swift in Sources */,
				AC5E2D33221B84C200A4DA1B /* MoviesLib.xcdatamodeld in Sources */,
				ACF2CA5722121FA900B8DA07 /* MovieViewController.swift in Sources */,
				AC5E2D35221B8B6900A4DA1B /* UIViewController+CoreData.swift in Sources */,
				ACF2CA5522121FA900B8DA07 /* AppDelegate.swift in Sources */,
				AC17D9F62214DB180062D6D8 /* Movie.swift in Sources */,
			);
			runOnlyForDeploymentPostprocessing = 0;
		};
/* End PBXSourcesBuildPhase section */

/* Begin PBXVariantGroup section */
		ACF2CA5822121FA900B8DA07 /* Main.storyboard */ = {
			isa = PBXVariantGroup;
			children = (
				ACF2CA5922121FA900B8DA07 /* Base */,
			);
			name = Main.storyboard;
			sourceTree = "<group>";
		};
		ACF2CA5D22121FAA00B8DA07 /* LaunchScreen.storyboard */ = {
			isa = PBXVariantGroup;
			children = (
				ACF2CA5E22121FAA00B8DA07 /* Base */,
			);
			name = LaunchScreen.storyboard;
			sourceTree = "<group>";
		};
/* End PBXVariantGroup section */

/* Begin XCBuildConfiguration section */
		ACF2CA6122121FAA00B8DA07 /* Debug */ = {
			isa = XCBuildConfiguration;
			buildSettings = {
				ALWAYS_SEARCH_USER_PATHS = NO;
				CLANG_ANALYZER_NONNULL = YES;
				CLANG_ANALYZER_NUMBER_OBJECT_CONVERSION = YES_AGGRESSIVE;
				CLANG_CXX_LANGUAGE_STANDARD = "gnu++14";
				CLANG_CXX_LIBRARY = "libc++";
				CLANG_ENABLE_MODULES = YES;
				CLANG_ENABLE_OBJC_ARC = YES;
				CLANG_ENABLE_OBJC_WEAK = YES;
				CLANG_WARN_BLOCK_CAPTURE_AUTORELEASING = YES;
				CLANG_WARN_BOOL_CONVERSION = YES;
				CLANG_WARN_COMMA = YES;
				CLANG_WARN_CONSTANT_CONVERSION = YES;
				CLANG_WARN_DEPRECATED_OBJC_IMPLEMENTATIONS = YES;
				CLANG_WARN_DIRECT_OBJC_ISA_USAGE = YES_ERROR;
				CLANG_WARN_DOCUMENTATION_COMMENTS = YES;
				CLANG_WARN_EMPTY_BODY = YES;
				CLANG_WARN_ENUM_CONVERSION = YES;
				CLANG_WARN_INFINITE_RECURSION = YES;
				CLANG_WARN_INT_CONVERSION = YES;
				CLANG_WARN_NON_LITERAL_NULL_CONVERSION = YES;
				CLANG_WARN_OBJC_IMPLICIT_RETAIN_SELF = YES;
				CLANG_WARN_OBJC_LITERAL_CONVERSION = YES;
				CLANG_WARN_OBJC_ROOT_CLASS = YES_ERROR;
				CLANG_WARN_RANGE_LOOP_ANALYSIS = YES;
				CLANG_WARN_STRICT_PROTOTYPES = YES;
				CLANG_WARN_SUSPICIOUS_MOVE = YES;
				CLANG_WARN_UNGUARDED_AVAILABILITY = YES_AGGRESSIVE;
				CLANG_WARN_UNREACHABLE_CODE = YES;
				CLANG_WARN__DUPLICATE_METHOD_MATCH = YES;
				CODE_SIGN_IDENTITY = "iPhone Developer";
				COPY_PHASE_STRIP = NO;
				DEBUG_INFORMATION_FORMAT = dwarf;
				ENABLE_STRICT_OBJC_MSGSEND = YES;
				ENABLE_TESTABILITY = YES;
				GCC_C_LANGUAGE_STANDARD = gnu11;
				GCC_DYNAMIC_NO_PIC = NO;
				GCC_NO_COMMON_BLOCKS = YES;
				GCC_OPTIMIZATION_LEVEL = 0;
				GCC_PREPROCESSOR_DEFINITIONS = (
					"DEBUG=1",
					"$(inherited)",
				);
				GCC_WARN_64_TO_32_BIT_CONVERSION = YES;
				GCC_WARN_ABOUT_RETURN_TYPE = YES_ERROR;
				GCC_WARN_UNDECLARED_SELECTOR = YES;
				GCC_WARN_UNINITIALIZED_AUTOS = YES_AGGRESSIVE;
				GCC_WARN_UNUSED_FUNCTION = YES;
				GCC_WARN_UNUSED_VARIABLE = YES;
				IPHONEOS_DEPLOYMENT_TARGET = 12.0;
				MTL_ENABLE_DEBUG_INFO = INCLUDE_SOURCE;
				MTL_FAST_MATH = YES;
				ONLY_ACTIVE_ARCH = YES;
				SDKROOT = iphoneos;
				SWIFT_ACTIVE_COMPILATION_CONDITIONS = DEBUG;
				SWIFT_OPTIMIZATION_LEVEL = "-Onone";
			};
			name = Debug;
		};
		ACF2CA6222121FAA00B8DA07 /* Release */ = {
			isa = XCBuildConfiguration;
			buildSettings = {
				ALWAYS_SEARCH_USER_PATHS = NO;
				CLANG_ANALYZER_NONNULL = YES;
				CLANG_ANALYZER_NUMBER_OBJECT_CONVERSION = YES_AGGRESSIVE;
				CLANG_CXX_LANGUAGE_STANDARD = "gnu++14";
				CLANG_CXX_LIBRARY = "libc++";
				CLANG_ENABLE_MODULES = YES;
				CLANG_ENABLE_OBJC_ARC = YES;
				CLANG_ENABLE_OBJC_WEAK = YES;
				CLANG_WARN_BLOCK_CAPTURE_AUTORELEASING = YES;
				CLANG_WARN_BOOL_CONVERSION = YES;
				CLANG_WARN_COMMA = YES;
				CLANG_WARN_CONSTANT_CONVERSION = YES;
				CLANG_WARN_DEPRECATED_OBJC_IMPLEMENTATIONS = YES;
				CLANG_WARN_DIRECT_OBJC_ISA_USAGE = YES_ERROR;
				CLANG_WARN_DOCUMENTATION_COMMENTS = YES;
				CLANG_WARN_EMPTY_BODY = YES;
				CLANG_WARN_ENUM_CONVERSION = YES;
				CLANG_WARN_INFINITE_RECURSION = YES;
				CLANG_WARN_INT_CONVERSION = YES;
				CLANG_WARN_NON_LITERAL_NULL_CONVERSION = YES;
				CLANG_WARN_OBJC_IMPLICIT_RETAIN_SELF = YES;
				CLANG_WARN_OBJC_LITERAL_CONVERSION = YES;
				CLANG_WARN_OBJC_ROOT_CLASS = YES_ERROR;
				CLANG_WARN_RANGE_LOOP_ANALYSIS = YES;
				CLANG_WARN_STRICT_PROTOTYPES = YES;
				CLANG_WARN_SUSPICIOUS_MOVE = YES;
				CLANG_WARN_UNGUARDED_AVAILABILITY = YES_AGGRESSIVE;
				CLANG_WARN_UNREACHABLE_CODE = YES;
				CLANG_WARN__DUPLICATE_METHOD_MATCH = YES;
				CODE_SIGN_IDENTITY = "iPhone Developer";
				COPY_PHASE_STRIP = NO;
				DEBUG_INFORMATION_FORMAT = "dwarf-with-dsym";
				ENABLE_NS_ASSERTIONS = NO;
				ENABLE_STRICT_OBJC_MSGSEND = YES;
				GCC_C_LANGUAGE_STANDARD = gnu11;
				GCC_NO_COMMON_BLOCKS = YES;
				GCC_WARN_64_TO_32_BIT_CONVERSION = YES;
				GCC_WARN_ABOUT_RETURN_TYPE = YES_ERROR;
				GCC_WARN_UNDECLARED_SELECTOR = YES;
				GCC_WARN_UNINITIALIZED_AUTOS = YES_AGGRESSIVE;
				GCC_WARN_UNUSED_FUNCTION = YES;
				GCC_WARN_UNUSED_VARIABLE = YES;
				IPHONEOS_DEPLOYMENT_TARGET = 12.0;
				MTL_ENABLE_DEBUG_INFO = NO;
				MTL_FAST_MATH = YES;
				SDKROOT = iphoneos;
				SWIFT_COMPILATION_MODE = wholemodule;
				SWIFT_OPTIMIZATION_LEVEL = "-O";
				VALIDATE_PRODUCT = YES;
			};
			name = Release;
		};
		ACF2CA6422121FAA00B8DA07 /* Debug */ = {
			isa = XCBuildConfiguration;
			buildSettings = {
				ASSETCATALOG_COMPILER_APPICON_NAME = AppIcon;
				CODE_SIGN_STYLE = Automatic;
				INFOPLIST_FILE = MoviesLib/Info.plist;
				LD_RUNPATH_SEARCH_PATHS = (
					"$(inherited)",
					"@executable_path/Frameworks",
				);
				PRODUCT_BUNDLE_IDENTIFIER = br.com.luiz.MoviesLib;
				PRODUCT_NAME = "$(TARGET_NAME)";
				SWIFT_VERSION = 4.2;
				TARGETED_DEVICE_FAMILY = "1,2";
			};
			name = Debug;
		};
		ACF2CA6522121FAA00B8DA07 /* Release */ = {
			isa = XCBuildConfiguration;
			buildSettings = {
				ASSETCATALOG_COMPILER_APPICON_NAME = AppIcon;
				CODE_SIGN_STYLE = Automatic;
				INFOPLIST_FILE = MoviesLib/Info.plist;
				LD_RUNPATH_SEARCH_PATHS = (
					"$(inherited)",
					"@executable_path/Frameworks",
				);
				PRODUCT_BUNDLE_IDENTIFIER = br.com.luiz.MoviesLib;
				PRODUCT_NAME = "$(TARGET_NAME)";
				SWIFT_VERSION = 4.2;
				TARGETED_DEVICE_FAMILY = "1,2";
			};
			name = Release;
		};
/* End XCBuildConfiguration section */

/* Begin XCConfigurationList section */
		ACF2CA4C22121FA900B8DA07 /* Build configuration list for PBXProject "MoviesLib" */ = {
			isa = XCConfigurationList;
			buildConfigurations = (
				ACF2CA6122121FAA00B8DA07 /* Debug */,
				ACF2CA6222121FAA00B8DA07 /* Release */,
			);
			defaultConfigurationIsVisible = 0;
			defaultConfigurationName = Release;
		};
		ACF2CA6322121FAA00B8DA07 /* Build configuration list for PBXNativeTarget "MoviesLib" */ = {
			isa = XCConfigurationList;
			buildConfigurations = (
				ACF2CA6422121FAA00B8DA07 /* Debug */,
				ACF2CA6522121FAA00B8DA07 /* Release */,
			);
			defaultConfigurationIsVisible = 0;
			defaultConfigurationName = Release;
		};
/* End XCConfigurationList section */

/* Begin XCVersionGroup section */
		AC5E2D31221B84C200A4DA1B /* MoviesLib.xcdatamodeld */ = {
			isa = XCVersionGroup;
			children = (
				AC5E2D32221B84C200A4DA1B /* MoviesLib.xcdatamodel */,
			);
			currentVersion = AC5E2D32221B84C200A4DA1B /* MoviesLib.xcdatamodel */;
			path = MoviesLib.xcdatamodeld;
			sourceTree = "<group>";
			versionGroupType = wrapper.xcdatamodel;
		};
/* End XCVersionGroup section */
	};
	rootObject = ACF2CA4922121FA900B8DA07 /* Project object */;
}
